PODS:
  - Alamofire (1.1.4)
  - CocoaLumberjack (1.9.2):
    - CocoaLumberjack/Extensions (= 1.9.2)
  - CocoaLumberjack/Core (1.9.2)
  - CocoaLumberjack/Extensions (1.9.2):
    - CocoaLumberjack/Core
  - FLAnimatedImage (1.0.8)
  - JTSImageViewController (1.5)
  - Keys (1.0.2)
  - KINWebBrowser (1.1.0)
  - LlamaKit (0.6.1)
  - MBProgressHUD (0.9.1)
  - Moya (0.6.1):
    - Moya/Core (= 0.6.1)
  - Moya/Core (0.6.1):
    - Alamofire (~> 1.1.0)
  - Nimble (0.4.0)
  - Quick (0.2.2)
  - SDWebImage (3.7.2):
    - SDWebImage/Core (= 3.7.2)
  - SDWebImage/Core (3.7.2)
  - SSPullToRefresh (1.2.3)
  - SVGKit (2.x):
    - CocoaLumberjack
  - SwiftyJSON (2.1.3)
  - WebLinking (0.1.0)

DEPENDENCIES:
  - Alamofire (from `https://github.com/Alamofire/Alamofire.git`, branch `xcode-6.3`)
  - CocoaLumberjack (~> 1.9)
  - FLAnimatedImage (from `https://github.com/ello/FLAnimatedImage.git`)
  - JTSImageViewController (from `https://github.com/ello/JTSImageViewController.git`)
  - Keys (from `https://github.com/ashfurrow/empty-podspec.git`)
  - KINWebBrowser (from `https://github.com/ello/KINWebBrowser.git`)
  - LlamaKit (from `https://github.com/ello/LlamaKit.git`)
  - MBProgressHUD (~> 0.9)
  - Moya (from `https://github.com/ello/Moya`, branch `cg-hybrid`)
  - Nimble (from `git@github.com:Quick/Nimble.git`, tag `v0.4.1`)
  - Quick (from `git@github.com:Quick/Quick.git`, tag `v0.3.0`)
  - SDWebImage (~> 3.7)
  - SSPullToRefresh (~> 1.2)
  - SVGKit (from `https://github.com/SVGKit/SVGKit`, branch `2.x`)
  - SwiftyJSON (from `https://github.com/SwiftyJSON/SwiftyJSON`, branch `xcode6.3`)
  - WebLinking (from `https://github.com/kylef/WebLinking.swift.git`, branch `swift-1.2`)

EXTERNAL SOURCES:
  Alamofire:
    :branch: xcode-6.3
    :git: https://github.com/Alamofire/Alamofire.git
  FLAnimatedImage:
    :git: https://github.com/ello/FLAnimatedImage.git
  JTSImageViewController:
    :git: https://github.com/ello/JTSImageViewController.git
  Keys:
    :git: https://github.com/ashfurrow/empty-podspec.git
  KINWebBrowser:
    :git: https://github.com/ello/KINWebBrowser.git
  LlamaKit:
    :git: https://github.com/ello/LlamaKit.git
  Moya:
    :branch: cg-hybrid
    :git: https://github.com/ello/Moya
  Nimble:
    :git: git@github.com:Quick/Nimble.git
    :tag: v0.4.1
  Quick:
    :git: git@github.com:Quick/Quick.git
    :tag: v0.3.0
  SVGKit:
    :branch: 2.x
    :git: https://github.com/SVGKit/SVGKit
  SwiftyJSON:
    :branch: xcode6.3
    :git: https://github.com/SwiftyJSON/SwiftyJSON
  WebLinking:
    :branch: swift-1.2
    :git: https://github.com/kylef/WebLinking.swift.git

CHECKOUT OPTIONS:
  Alamofire:
    :commit: 2ff5749ffc0425f05a1411b5b6fd2c25241b5b14
    :git: https://github.com/Alamofire/Alamofire.git
  FLAnimatedImage:
    :commit: 7f1d9a29597b45aef8686da22f33a3634d84c686
    :git: https://github.com/ello/FLAnimatedImage.git
  JTSImageViewController:
    :commit: ba1934af3d8d22f22094211cab6db7501835c796
    :git: https://github.com/ello/JTSImageViewController.git
  Keys:
    :commit: dfc3c5e75dd23e5e9f938f4552eaceec4a8b4b73
    :git: https://github.com/ashfurrow/empty-podspec.git
  KINWebBrowser:
    :commit: c5f49457e7fb7939cf5882c3f310b9b15e340d4e
    :git: https://github.com/ello/KINWebBrowser.git
  LlamaKit:
    :commit: 17c80a90295419e180234381ab7f787e136918df
    :git: https://github.com/ello/LlamaKit.git
  Moya:
    :commit: 9dac672ee6f95f45bab89eec4a1227eb7ac1da5e
    :git: https://github.com/ello/Moya
  Nimble:
    :git: git@github.com:Quick/Nimble.git
    :tag: v0.4.1
  Quick:
    :git: git@github.com:Quick/Quick.git
    :tag: v0.3.0
  SVGKit:
    :commit: 475ef2b7d2a3622f7e6065dbb3a72a6f9f8e16cf
    :git: https://github.com/SVGKit/SVGKit
  SwiftyJSON:
    :commit: 008a09d7ea8b13c03fb59b35c01aad339584a5e1
    :git: https://github.com/SwiftyJSON/SwiftyJSON
  WebLinking:
    :commit: 6e1a19c399fd5236ed6c376b3a6806af8d1c37c8
    :git: https://github.com/kylef/WebLinking.swift.git

SPEC CHECKSUMS:
  Alamofire: 6a2cbaebe78a6d469bc55ee37f0a24ba22af76ac
  CocoaLumberjack: 628fca2e88ef06f7cf6817309aa405f325d9a6fa
  FLAnimatedImage: f9422f796135aff80d8c00b2afc48015bb746e24
  JTSImageViewController: 89ae3c003060c65418fd3224ebbd67acc6046608
  Keys: 80485232b6d580368f08f1df19ebfc4f0077b66a
  KINWebBrowser: 5700a9e2d891ce43f726dd9e04c929312933bb18
  LlamaKit: 2610cffeec508d27caad8449e7d460df914d9212
  MBProgressHUD: c47f2c166c126cf2ce36498d80f33e754d4e93ad
  Moya: 6589de6c52d9d8e5ab0d9630b4cd5c4b7f898019
  Nimble: a05c15e0955baec1c94a22e25e4f8dea884fbc5f
  Quick: 1bda8b4c8d43f6b4dd69ca001918b1767b3c9c93
  SDWebImage: 71b7cdc1d1721d6a82ed62889030225f2c249e29
  SSPullToRefresh: ae69778f6961120bd906e6349602c6918e609368
  SVGKit: ad429d65c72c8d84115a504208a9fa097ee7fdbb
  SwiftyJSON: a561c2a840121085bec8a2dfeac97a360fc66901
  WebLinking: a357f877c3537fb15363167e173b5067734889f5

COCOAPODS: 0.36.3
