PODS:
  - 1PasswordExtension (1.2)
  - Alamofire (1.2.0)
  - CocoaLumberjack (2.0.0):
    - CocoaLumberjack/Default (= 2.0.0)
    - CocoaLumberjack/Extensions (= 2.0.0)
  - CocoaLumberjack/Core (2.0.0)
  - CocoaLumberjack/Default (2.0.0):
    - CocoaLumberjack/Core
  - CocoaLumberjack/Extensions (2.0.0):
    - CocoaLumberjack/Default
  - FLAnimatedImage (1.0.8)
  - JTSImageViewController (1.5)
  - Keys (1.0.2)
  - KINWebBrowser (1.1.0)
  - LlamaKit (0.6.1)
  - MBProgressHUD (0.9.1)
  - Moya (0.6.1):
    - Moya/Core (= 0.6.1)
  - Moya/Core (0.6.1):
    - Alamofire (~> 1.2.0)
  - Nimble (0.4.0)
  - Quick (0.2.2)
  - SDWebImage (3.7.2):
    - SDWebImage/Core (= 3.7.2)
  - SDWebImage/Core (3.7.2)
  - SSPullToRefresh (1.2.3)
  - SVGKit (2.x):
    - CocoaLumberjack (~> 2.x)
  - SwiftyJSON (2.1.3)
  - TimeAgoInWords (0.1.0)
  - WebLinking (0.2.0)
  - YapDatabase (2.6.1):
    - YapDatabase/standard (= 2.6.1)
  - YapDatabase/common (2.6.1):
    - CocoaLumberjack (~> 2)
  - YapDatabase/standard (2.6.1):
    - YapDatabase/common

DEPENDENCIES:
  - 1PasswordExtension (from `https://github.com/AgileBits/onepassword-app-extension.git`)
  - Alamofire (from `https://github.com/Alamofire/Alamofire.git`)
  - FLAnimatedImage (from `https://github.com/ello/FLAnimatedImage.git`)
  - JTSImageViewController (from `https://github.com/ello/JTSImageViewController.git`)
  - Keys (from `https://github.com/ashfurrow/empty-podspec.git`)
  - KINWebBrowser (from `https://github.com/ello/KINWebBrowser.git`)
  - LlamaKit (from `https://github.com/ello/LlamaKit.git`)
  - MBProgressHUD (~> 0.9)
  - Moya (from `https://github.com/ello/Moya`, branch `cg-hybrid`)
  - Nimble (from `git@github.com:Quick/Nimble.git`, tag `v0.4.1`)
  - Quick (from `git@github.com:Quick/Quick.git`, tag `v0.3.0`)
  - SDWebImage (~> 3.7)
  - SSPullToRefresh (~> 1.2)
  - SVGKit (from `https://github.com/SVGKit/SVGKit`, branch `2.x`)
  - SwiftyJSON (from `https://github.com/SwiftyJSON/SwiftyJSON`, branch `xcode6.3`)
  - TimeAgoInWords (~> 0.1.0)
  - WebLinking (from `https://github.com/kylef/WebLinking.swift.git`)
  - YapDatabase (from `https://github.com/ello/YapDatabase.git`)

EXTERNAL SOURCES:
  1PasswordExtension:
    :git: https://github.com/AgileBits/onepassword-app-extension.git
  Alamofire:
    :git: https://github.com/Alamofire/Alamofire.git
  FLAnimatedImage:
    :git: https://github.com/ello/FLAnimatedImage.git
  JTSImageViewController:
    :git: https://github.com/ello/JTSImageViewController.git
  Keys:
    :git: https://github.com/ashfurrow/empty-podspec.git
  KINWebBrowser:
    :git: https://github.com/ello/KINWebBrowser.git
  LlamaKit:
    :git: https://github.com/ello/LlamaKit.git
  Moya:
    :branch: cg-hybrid
    :git: https://github.com/ello/Moya
  Nimble:
    :git: git@github.com:Quick/Nimble.git
    :tag: v0.4.1
  Quick:
    :git: git@github.com:Quick/Quick.git
    :tag: v0.3.0
  SVGKit:
    :branch: 2.x
    :git: https://github.com/SVGKit/SVGKit
  SwiftyJSON:
    :branch: xcode6.3
    :git: https://github.com/SwiftyJSON/SwiftyJSON
  WebLinking:
    :git: https://github.com/kylef/WebLinking.swift.git
  YapDatabase:
    :git: https://github.com/ello/YapDatabase.git

CHECKOUT OPTIONS:
  1PasswordExtension:
    :commit: 664bd24e8946a126e0eae64e680c8ffcefcc8b77
    :git: https://github.com/AgileBits/onepassword-app-extension.git
  Alamofire:
    :commit: 6d1238d9ac9032980c27843fc27015d8db121cdd
    :git: https://github.com/Alamofire/Alamofire.git
  FLAnimatedImage:
    :commit: 7f1d9a29597b45aef8686da22f33a3634d84c686
    :git: https://github.com/ello/FLAnimatedImage.git
  JTSImageViewController:
    :commit: f161d5ad38a6032b84f68ec78e823925bc411850
    :git: https://github.com/ello/JTSImageViewController.git
  Keys:
    :commit: dfc3c5e75dd23e5e9f938f4552eaceec4a8b4b73
    :git: https://github.com/ashfurrow/empty-podspec.git
  KINWebBrowser:
    :commit: c5f49457e7fb7939cf5882c3f310b9b15e340d4e
    :git: https://github.com/ello/KINWebBrowser.git
  LlamaKit:
    :commit: 17c80a90295419e180234381ab7f787e136918df
    :git: https://github.com/ello/LlamaKit.git
  Moya:
    :commit: 3199b781225ee5cdd59d6b70fd4c038a80f47f74
    :git: https://github.com/ello/Moya
  Nimble:
    :git: git@github.com:Quick/Nimble.git
    :tag: v0.4.1
  Quick:
    :git: git@github.com:Quick/Quick.git
    :tag: v0.3.0
  SVGKit:
    :commit: a851ff5a4b841fe3746c8cbf0cd9d88a3061446f
    :git: https://github.com/SVGKit/SVGKit
  SwiftyJSON:
    :commit: 008a09d7ea8b13c03fb59b35c01aad339584a5e1
    :git: https://github.com/SwiftyJSON/SwiftyJSON
  WebLinking:
    :commit: 316efb081ece4fd2cdda5d975f4eb95d155b43b0
    :git: https://github.com/kylef/WebLinking.swift.git
  YapDatabase:
    :commit: d76b838c53d5525663fd8bd279829c75ff1bd0ce
    :git: https://github.com/ello/YapDatabase.git

SPEC CHECKSUMS:
  1PasswordExtension: fcf300204bda5b5c78936dbb937a7d661f1ca796
  Alamofire: d765c5c1713aa64106b0228aaa600a1e6851f68d
  CocoaLumberjack: a6f77d987d65dc7ba86b0f84db7d0b9084f77bcb
  FLAnimatedImage: f9422f796135aff80d8c00b2afc48015bb746e24
  JTSImageViewController: 89ae3c003060c65418fd3224ebbd67acc6046608
  Keys: 80485232b6d580368f08f1df19ebfc4f0077b66a
  KINWebBrowser: 5700a9e2d891ce43f726dd9e04c929312933bb18
  LlamaKit: 2610cffeec508d27caad8449e7d460df914d9212
  MBProgressHUD: c47f2c166c126cf2ce36498d80f33e754d4e93ad
  Moya: f652dec673d9dd177376d2c9366c76c9ed7b0343
  Nimble: a05c15e0955baec1c94a22e25e4f8dea884fbc5f
  Quick: 1bda8b4c8d43f6b4dd69ca001918b1767b3c9c93
  SDWebImage: 71b7cdc1d1721d6a82ed62889030225f2c249e29
  SSPullToRefresh: ae69778f6961120bd906e6349602c6918e609368
  SVGKit: cf06ac3067c4d5e927e5f93ba6a7e4d7171a7502
  SwiftyJSON: a561c2a840121085bec8a2dfeac97a360fc66901
  TimeAgoInWords: bd651f6532327035b41fd3b512ca9d3e90d2e379
  WebLinking: 8e267eed3f7b2d040bf6468681cc1325141ab7fe
  YapDatabase: ca25874766045bca7f4c2632f61067351353ecf3

COCOAPODS: 0.36.4
