<?xml version="1.0" encoding="UTF-8"?>
<Scheme
   LastUpgradeVersion = "0700"
   version = "1.3">
   <BuildAction
      parallelizeBuildables = "YES"
      buildImplicitDependencies = "YES">
      <BuildActionEntries>
         <BuildActionEntry
            buildForTesting = "YES"
            buildForRunning = "YES"
            buildForProfiling = "YES"
            buildForArchiving = "YES"
            buildForAnalyzing = "YES">
            <BuildableReference
               BuildableIdentifier = "primary"
               BlueprintIdentifier = "12FEBD001A4225F600933A02"
               BuildableName = "Ello.app"
               BlueprintName = "Ello"
               ReferencedContainer = "container:Ello.xcodeproj">
            </BuildableReference>
         </BuildActionEntry>
      </BuildActionEntries>
   </BuildAction>
   <TestAction
      buildConfiguration = "Debug"
      selectedDebuggerIdentifier = "Xcode.DebuggerFoundation.Debugger.LLDB"
      selectedLauncherIdentifier = "Xcode.DebuggerFoundation.Launcher.LLDB"
      shouldUseLaunchSchemeArgsEnv = "YES"
      codeCoverageEnabled = "YES">
      <Testables>
         <TestableReference
            skipped = "NO">
            <BuildableReference
               BuildableIdentifier = "primary"
               BlueprintIdentifier = "12D14C4E1A43752200C6F8E8"
               BuildableName = "Specs.xctest"
               BlueprintName = "Specs"
               ReferencedContainer = "container:Ello.xcodeproj">
            </BuildableReference>
            <SkippedTests>
               <Test
                  Identifier = "ActivitySpec">
               </Test>
               <Test
                  Identifier = "AddFriendsViewControllerSpec">
               </Test>
               <Test
                  Identifier = "AlertViewControllerSpec">
               </Test>
               <Test
                  Identifier = "AmazonCredentialsSpec">
               </Test>
               <Test
                  Identifier = "AnonymousAuthenticationSpec">
               </Test>
               <Test
                  Identifier = "AppDelegateSpec">
               </Test>
               <Test
                  Identifier = "AppSetupSpec">
               </Test>
               <Test
                  Identifier = "AppViewControllerSpec">
               </Test>
               <Test
                  Identifier = "ArraySpec">
               </Test>
               <Test
                  Identifier = "AssetSpec">
               </Test>
               <Test
                  Identifier = "AttachmentSpec">
               </Test>
               <Test
                  Identifier = "AuthStateSpec">
               </Test>
               <Test
                  Identifier = "AuthTokenSpec">
               </Test>
               <Test
                  Identifier = "AutoCompleteCellPresenterSpec">
               </Test>
               <Test
                  Identifier = "AutoCompleteDataSourceSpec">
               </Test>
               <Test
                  Identifier = "AutoCompleteResultSpec">
               </Test>
               <Test
                  Identifier = "AutoCompleteServiceSpec">
               </Test>
               <Test
                  Identifier = "AutoCompleteSpec">
               </Test>
               <Test
                  Identifier = "AutoCompleteViewControllerSpec">
               </Test>
               <Test
                  Identifier = "AvailabilityServiceSpec">
               </Test>
               <Test
                  Identifier = "AvailabilitySpec">
               </Test>
               <Test
                  Identifier = "AvatarButtonSpec">
               </Test>
               <Test
                  Identifier = "AvatarImageSelectionViewControllerSpec">
               </Test>
               <Test
                  Identifier = "BaseElloViewControllerSpec">
               </Test>
               <Test
                  Identifier = "BlockUserModalViewControllerSpec">
               </Test>
               <Test
                  Identifier = "CGRectExtensionSpec">
               </Test>
               <Test
                  Identifier = "CGSizeSpec">
               </Test>
               <Test
                  Identifier = "CoderSpec">
               </Test>
               <Test
                  Identifier = "ColorsSpec">
               </Test>
               <Test
                  Identifier = "CommentSpec">
               </Test>
               <Test
                  Identifier = "ContentFlaggerSpec">
               </Test>
               <Test
                  Identifier = "CoverImageSelectionViewControllerSpec">
               </Test>
               <Test
                  Identifier = "CreateCommentBackgroundViewSpec">
               </Test>
               <Test
                  Identifier = "CredentialSettingsViewControllerSpec">
               </Test>
               <Test
                  Identifier = "DateFormattingSpec">
               </Test>
               <Test
                  Identifier = "DeleteAccountConfirmationViewControllerSpec">
               </Test>
               <Test
                  Identifier = "DiscoverViewControllerSpec">
               </Test>
               <Test
                  Identifier = "DrawerViewControllerSpec">
               </Test>
               <Test
                  Identifier = "DrawerViewDataSourceSpec">
               </Test>
               <Test
                  Identifier = "DynamicSettingCellPresenterSpec">
               </Test>
               <Test
                  Identifier = "DynamicSettingCellSpec">
               </Test>
               <Test
                  Identifier = "DynamicSettingsSpec">
               </Test>
               <Test
                  Identifier = "ElloAPISpec">
               </Test>
               <Test
                  Identifier = "ElloAttributedStringSpec">
               </Test>
               <Test
                  Identifier = "ElloNavigationControllerSpec">
               </Test>
               <Test
                  Identifier = "ElloNetworkErrorSpec">
               </Test>
               <Test
                  Identifier = "ElloProviderSpec">
               </Test>
               <Test
                  Identifier = "ElloScrollLogicSpec">
               </Test>
               <Test
                  Identifier = "ElloTabBarControllerSpec">
               </Test>
               <Test
                  Identifier = "ElloTabBarSpec">
               </Test>
               <Test
                  Identifier = "ElloTextFieldViewSpec">
               </Test>
               <Test
                  Identifier = "ElloURISpec">
               </Test>
               <Test
                  Identifier = "ElloWebBrowserViewControllerSpec">
               </Test>
               <Test
                  Identifier = "ElloWebViewHelperSpec">
               </Test>
               <Test
                  Identifier = "ExperienceUpdateSpec">
               </Test>
               <Test
                  Identifier = "ExtensionItemPreviewSpec">
               </Test>
               <Test
                  Identifier = "FunctionalTests">
               </Test>
               <Test
                  Identifier = "ImageRegionSpec">
               </Test>
               <Test
                  Identifier = "InteractionVisibilitySpec">
               </Test>
               <Test
                  Identifier = "InterfaceSpec">
               </Test>
               <Test
                  Identifier = "IntroViewControllerSpec">
               </Test>
               <Test
                  Identifier = "InviteCacheSpec">
               </Test>
               <Test
                  Identifier = "InviteServiceSpec">
               </Test>
               <Test
                  Identifier = "JoinViewControllerSpec">
               </Test>
               <Test
                  Identifier = "LocalPersonSpec">
               </Test>
               <Test
                  Identifier = "LoveSpec">
               </Test>
               <Test
                  Identifier = "LovesServiceSpec">
               </Test>
               <Test
                  Identifier = "MapperSpec">
               </Test>
               <Test
                  Identifier = "MentionablesSpec">
               </Test>
               <Test
                  Identifier = "MultipartRequestBuilderSpec">
               </Test>
               <Test
                  Identifier = "NSDateSpecs">
               </Test>
               <Test
                  Identifier = "NSItemProviderExtensionsSpec">
               </Test>
               <Test
                  Identifier = "NSURLSpec">
               </Test>
               <Test
                  Identifier = "NewContentServiceSpec">
               </Test>
               <Test
                  Identifier = "NotificationCellSpec">
               </Test>
               <Test
                  Identifier = "NotificationSpec">
               </Test>
               <Test
                  Identifier = "NotificationsFilterBarSpec">
               </Test>
               <Test
                  Identifier = "NotificationsViewControllerSpec">
               </Test>
               <Test
                  Identifier = "NumberExtensionsSpec">
               </Test>
               <Test
                  Identifier = "ObjectCacheSpec">
               </Test>
               <Test
                  Identifier = "OmnibarScreenSpec">
               </Test>
               <Test
                  Identifier = "OmnibarViewControllerSpec">
               </Test>
               <Test
                  Identifier = "OnboardingSpec">
               </Test>
               <Test
                  Identifier = "PostServiceSpec">
               </Test>
               <Test
                  Identifier = "PostSpec">
               </Test>
               <Test
                  Identifier = "PostbarControllerSpec">
               </Test>
               <Test
                  Identifier = "PreloaderSpec">
               </Test>
               <Test
                  Identifier = "ProfileHeaderCellPresenterSpec">
               </Test>
               <Test
                  Identifier = "ProfileInfoViewControllerSpec">
               </Test>
               <Test
                  Identifier = "ProfileServiceSpec">
               </Test>
               <Test
                  Identifier = "ProfileViewControllerSpec">
               </Test>
               <Test
                  Identifier = "PushNotificationControllerSpec">
               </Test>
               <Test
                  Identifier = "RateSpec">
               </Test>
               <Test
                  Identifier = "ReauthenticationSpec">
               </Test>
               <Test
                  Identifier = "RegexExtensionsSpec">
               </Test>
               <Test
                  Identifier = "RelationshipControlSpec">
               </Test>
               <Test
                  Identifier = "RelationshipControllerSpec">
               </Test>
               <Test
                  Identifier = "RelationshipPrioritySpec">
               </Test>
               <Test
                  Identifier = "RelationshipServiceSpec">
               </Test>
               <Test
                  Identifier = "RelationshipSpec">
               </Test>
               <Test
                  Identifier = "ResponseConfigSpec">
               </Test>
               <Test
                  Identifier = "SafariActivitySpec">
               </Test>
               <Test
                  Identifier = "SearchScreenSpec">
               </Test>
               <Test
                  Identifier = "SettingsViewControllerSpec">
               </Test>
               <Test
                  Identifier = "ShareAttachmentProcessorSpec">
               </Test>
               <Test
                  Identifier = "ShareViewControllerSpec">
               </Test>
               <Test
                  Identifier = "SignInViewControllerSpec">
               </Test>
               <Test
                  Identifier = "SimpleStreamViewControllerSpec">
               </Test>
               <Test
                  Identifier = "StreamCellItemParserSpec">
               </Test>
               <Test
                  Identifier = "StreamContainerViewControllerSpec">
               </Test>
               <Test
                  Identifier = "StreamEmbedCellPresenterSpec">
               </Test>
               <Test
                  Identifier = "StreamFooterCellPresenterSpec">
               </Test>
               <Test
                  Identifier = "StreamHeaderCellPresenterSpec">
               </Test>
               <Test
                  Identifier = "StreamImageCellPresenterSpec">
               </Test>
               <Test
                  Identifier = "StreamImageCellSizeCalculatorSpec">
               </Test>
               <Test
                  Identifier = "StreamImageViewerSpec">
               </Test>
               <Test
                  Identifier = "StreamInviteFriendsCellPresenterSpec">
               </Test>
               <Test
                  Identifier = "StreamInviteFriendsCellSpec">
               </Test>
               <Test
                  Identifier = "StreamKindSpec">
               </Test>
               <Test
                  Identifier = "StreamSeeMoreCommentsCellSpec">
               </Test>
               <Test
                  Identifier = "StreamServiceSpec">
               </Test>
               <Test
                  Identifier = "StreamTextCellHTMLSpec">
               </Test>
               <Test
                  Identifier = "StreamViewControllerSpec">
               </Test>
               <Test
                  Identifier = "StringExtensionSpec">
               </Test>
               <Test
                  Identifier = "TagSpec">
               </Test>
               <Test
                  Identifier = "TextRegionSpec">
               </Test>
               <Test
                  Identifier = "TmpSpec">
               </Test>
               <Test
                  Identifier = "ToNSDataSpec">
               </Test>
               <Test
                  Identifier = "TypedNotificationSpec">
               </Test>
               <Test
                  Identifier = "UIImageSpecs">
               </Test>
               <Test
                  Identifier = "UIViewControllerExtensionSpec">
               </Test>
               <Test
                  Identifier = "UIViewSpec">
               </Test>
               <Test
                  Identifier = "UnknownRegionSpec">
               </Test>
               <Test
                  Identifier = "UserListItemCellPresenterSpec">
               </Test>
               <Test
                  Identifier = "UserSpec">
               </Test>
               <Test
                  Identifier = "ValidatorSpec">
               </Test>
            </SkippedTests>
         </TestableReference>
      </Testables>
      <MacroExpansion>
         <BuildableReference
            BuildableIdentifier = "primary"
            BlueprintIdentifier = "12FEBD001A4225F600933A02"
            BuildableName = "Ello.app"
            BlueprintName = "Ello"
            ReferencedContainer = "container:Ello.xcodeproj">
         </BuildableReference>
      </MacroExpansion>
      <AdditionalOptions>
      </AdditionalOptions>
   </TestAction>
   <LaunchAction
      buildConfiguration = "Debug"
      selectedDebuggerIdentifier = "Xcode.DebuggerFoundation.Debugger.LLDB"
      selectedLauncherIdentifier = "Xcode.DebuggerFoundation.Launcher.LLDB"
      launchStyle = "0"
      useCustomWorkingDirectory = "NO"
      ignoresPersistentStateOnLaunch = "NO"
      debugDocumentVersioning = "YES"
      debugServiceExtension = "internal"
      allowLocationSimulation = "YES">
      <BuildableProductRunnable
         runnableDebuggingMode = "0">
         <BuildableReference
            BuildableIdentifier = "primary"
            BlueprintIdentifier = "12FEBD001A4225F600933A02"
            BuildableName = "Ello.app"
            BlueprintName = "Ello"
            ReferencedContainer = "container:Ello.xcodeproj">
         </BuildableReference>
      </BuildableProductRunnable>
      <EnvironmentVariables>
         <EnvironmentVariable
            key = "CG_CONTEXT_SHOW_BACKTRACE"
            value = "YES"
            isEnabled = "NO">
         </EnvironmentVariable>
      </EnvironmentVariables>
      <AdditionalOptions>
         <AdditionalOption
            key = "NSZombieEnabled"
            value = "YES"
            isEnabled = "YES">
         </AdditionalOption>
      </AdditionalOptions>
   </LaunchAction>
   <ProfileAction
      buildConfiguration = "Debug"
      shouldUseLaunchSchemeArgsEnv = "YES"
      savedToolIdentifier = ""
      useCustomWorkingDirectory = "NO"
      debugDocumentVersioning = "YES">
      <BuildableProductRunnable
         runnableDebuggingMode = "0">
         <BuildableReference
            BuildableIdentifier = "primary"
            BlueprintIdentifier = "12FEBD001A4225F600933A02"
            BuildableName = "Ello.app"
            BlueprintName = "Ello"
            ReferencedContainer = "container:Ello.xcodeproj">
         </BuildableReference>
      </BuildableProductRunnable>
   </ProfileAction>
   <AnalyzeAction
      buildConfiguration = "Debug">
   </AnalyzeAction>
   <ArchiveAction
      buildConfiguration = "Release"
      revealArchiveInOrganizer = "YES">
   </ArchiveAction>
</Scheme>
